// !$*UTF8*$!
{
	archiveVersion = 1;
	classes = {
	};
	objectVersion = 46;
	objects = {

/* Begin PBXBuildFile section */
		637A90CE1C9D4DBE00C58FE8 /* main.cpp in Sources */ = {isa = PBXBuildFile; fileRef = 637A90CD1C9D4DBE00C58FE8 /* main.cpp */; };
/* End PBXBuildFile section */

/* Begin PBXCopyFilesBuildPhase section */
		637A90C81C9D4DBE00C58FE8 /* CopyFiles */ = {
			isa = PBXCopyFilesBuildPhase;
			buildActionMask = 2147483647;
			dstPath = /usr/share/man/man1/;
			dstSubfolderSpec = 0;
			files = (
			);
			runOnlyForDeploymentPostprocessing = 1;
		};
/* End PBXCopyFilesBuildPhase section */

/* Begin PBXFileReference section */
		637A90CA1C9D4DBE00C58FE8 /* DoubleChain */ = {isa = PBXFileReference; explicitFileType = "compiled.mach-o.executable"; includeInIndex = 0; path = DoubleChain; sourceTree = BUILT_PRODUCTS_DIR; };
		637A90CD1C9D4DBE00C58FE8 /* main.cpp */ = {isa = PBXFileReference; lastKnownFileType = sourcecode.cpp.cpp; path = main.cpp; sourceTree = "<group>"; };
		637A90D41C9D4DDF00C58FE8 /* Chain.h */ = {isa = PBXFileReference; lastKnownFileType = sourcecode.c.h; path = Chain.h; sourceTree = "<group>"; };
		637A90D51C9D598800C58FE8 /* Chain_m.h */ = {isa = PBXFileReference; lastKnownFileType = sourcecode.c.h; path = Chain_m.h; sourceTree = "<group>"; };
/* End PBXFileReference section */

/* Begin PBXFrameworksBuildPhase section */
		637A90C71C9D4DBE00C58FE8 /* Frameworks */ = {
			isa = PBXFrameworksBuildPhase;
			buildActionMask = 2147483647;
			files = (
			);
			runOnlyForDeploymentPostprocessing = 0;
		};
/* End PBXFrameworksBuildPhase section */

/* Begin PBXGroup section */
		637A90C11C9D4DBE00C58FE8 = {
			isa = PBXGroup;
			children = (
				637A90CC1C9D4DBE00C58FE8 /* DoubleChain */,
				637A90CB1C9D4DBE00C58FE8 /* Products */,
			);
			sourceTree = "<group>";
		};
		637A90CB1C9D4DBE00C58FE8 /* Products */ = {
			isa = PBXGroup;
			children = (
				637A90CA1C9D4DBE00C58FE8 /* DoubleChain */,
			);
			name = Products;
			sourceTree = "<group>";
		};
		637A90CC1C9D4DBE00C58FE8 /* DoubleChain */ = {
			isa = PBXGroup;
			children = (
				637A90CD1C9D4DBE00C58FE8 /* main.cpp */,
				637A90D41C9D4DDF00C58FE8 /* Chain.h */,
				637A90D51C9D598800C58FE8 /* Chain_m.h */,
			);
			path = DoubleChain;
			sourceTree = "<group>";
		};
/* End PBXGroup section */

/* Begin PBXNativeTarget section */
		637A90C91C9D4DBE00C58FE8 /* DoubleChain */ = {
			isa = PBXNativeTarget;
			buildConfigurationList = 637A90D11C9D4DBE00C58FE8 /* Build configuration list for PBXNativeTarget "DoubleChain" */;
			buildPhases = (
				637A90C61C9D4DBE00C58FE8 /* Sources */,
				637A90C71C9D4DBE00C58FE8 /* Frameworks */,
				637A90C81C9D4DBE00C58FE8 /* CopyFiles */,
			);
			buildRules = (
			);
			dependencies = (
			);
			name = DoubleChain;
			productName = DoubleChain;
			productReference = 637A90CA1C9D4DBE00C58FE8 /* DoubleChain */;
			productType = "com.apple.product-type.tool";
		};
/* End PBXNativeTarget section */

/* Begin PBXProject section */
		637A90C21C9D4DBE00C58FE8 /* Project object */ = {
			isa = PBXProject;
			attributes = {
				LastUpgradeCheck = 0640;
				ORGANIZATIONNAME = David;
				TargetAttributes = {
					637A90C91C9D4DBE00C58FE8 = {
						CreatedOnToolsVersion = 6.4;
					};
				};
			};
			buildConfigurationList = 637A90C51C9D4DBE00C58FE8 /* Build configuration list for PBXProject "DoubleChain" */;
			compatibilityVersion = "Xcode 3.2";
			developmentRegion = English;
			hasScannedForEncodings = 0;
			knownRegions = (
				en,
			);
			mainGroup = 637A90C11C9D4DBE00C58FE8;
			productRefGroup = 637A90CB1C9D4DBE00C58FE8 /* Products */;
			projectDirPath = "";
			projectRoot = "";
			targets = (
				637A90C91C9D4DBE00C58FE8 /* DoubleChain */,
			);
		};
/* End PBXProject section */

/* Begin PBXSourcesBuildPhase section */
		637A90C61C9D4DBE00C58FE8 /* Sources */ = {
			isa = PBXSourcesBuildPhase;
			buildActionMask = 2147483647;
			files = (
				637A90CE1C9D4DBE00C58FE8 /* main.cpp in Sources */,
			);
			runOnlyForDeploymentPostprocessing = 0;
		};
/* End PBXSourcesBuildPhase section */

/* Begin XCBuildConfiguration section */
		637A90CF1C9D4DBE00C58FE8 /* Debug */ = {
			isa = XCBuildConfiguration;
			buildSettings = {
				ALWAYS_SEARCH_USER_PATHS = NO;
				CLANG_CXX_LANGUAGE_STANDARD = "gnu++0x";
				CLANG_CXX_LIBRARY = "libc++";
				CLANG_ENABLE_MODULES = YES;
				CLANG_ENABLE_OBJC_ARC = YES;
				CLANG_WARN_BOOL_CONVERSION = YES;
				CLANG_WARN_CONSTANT_CONVERSION = YES;
				CLANG_WARN_DIRECT_OBJC_ISA_USAGE = YES_ERROR;
				CLANG_WARN_EMPTY_BODY = YES;
				CLANG_WARN_ENUM_CONVERSION = YES;
				CLANG_WARN_INT_CONVERSION = YES;
				CLANG_WARN_OBJC_ROOT_CLASS = YES_ERROR;
				CLANG_WARN_UNREACHABLE_CODE = YES;
				CLANG_WARN__DUPLICATE_METHOD_MATCH = YES;
				COPY_PHASE_STRIP = NO;
				DEBUG_INFORMATION_FORMAT = dwarf;
				ENABLE_STRICT_OBJC_MSGSEND = YES;
				GCC_C_LANGUAGE_STANDARD = gnu99;
				GCC_DYNAMIC_NO_PIC = NO;
				GCC_NO_COMMON_BLOCKS = YES;
				GCC_OPTIMIZATION_LEVEL = 0;
				GCC_PREPROCESSOR_DEFINITIONS = (
					"DEBUG=1",
					"$(inherited)",
				);
				GCC_SYMBOLS_PRIVATE_EXTERN = NO;
				GCC_WARN_64_TO_32_BIT_CONVERSION = YES;
				GCC_WARN_ABOUT_RETURN_TYPE = YES_ERROR;
				GCC_WARN_UNDECLARED_SELECTOR = YES;
				GCC_WARN_UNINITIALIZED_AUTOS = YES_AGGRESSIVE;
				GCC_WARN_UNUSED_FUNCTION = YES;
				GCC_WARN_UNUSED_VARIABLE = YES;
				MACOSX_DEPLOYMENT_TARGET = 10.10;
				MTL_ENABLE_DEBUG_INFO = YES;
				ONLY_ACTIVE_ARCH = YES;
				SDKROOT = macosx;
			};
			name = Debug;
		};
		637A90D01C9D4DBE00C58FE8 /* Release */ = {
			isa = XCBuildConfiguration;
			buildSettings = {
				ALWAYS_SEARCH_USER_PATHS = NO;
				CLANG_CXX_LANGUAGE_STANDARD = "gnu++0x";
				CLANG_CXX_LIBRARY = "libc++";
				CLANG_ENABLE_MODULES = YES;
				CLANG_ENABLE_OBJC_ARC = YES;
				CLANG_WARN_BOOL_CONVERSION = YES;
				CLANG_WARN_CONSTANT_CONVERSION = YES;
				CLANG_WARN_DIRECT_OBJC_ISA_USAGE = YES_ERROR;
				CLANG_WARN_EMPTY_BODY = YES;
				CLANG_WARN_ENUM_CONVERSION = YES;
				CLANG_WARN_INT_CONVERSION = YES;
				CLANG_WARN_OBJC_ROOT_CLASS = YES_ERROR;
				CLANG_WARN_UNREACHABLE_CODE = YES;
				CLANG_WARN__DUPLICATE_METHOD_MATCH = YES;
				COPY_PHASE_STRIP = NO;
				DEBUG_INFORMATION_FORMAT = "dwarf-with-dsym";
				ENABLE_NS_ASSERTIONS = NO;
				ENABLE_STRICT_OBJC_MSGSEND = YES;
				GCC_C_LANGUAGE_STANDARD = gnu99;
				GCC_NO_COMMON_BLOCKS = YES;
				GCC_WARN_64_TO_32_BIT_CONVERSION = YES;
				GCC_WARN_ABOUT_RETURN_TYPE = YES_ERROR;
				GCC_WARN_UNDECLARED_SELECTOR = YES;
				GCC_WARN_UNINITIALIZED_AUTOS = YES_AGGRESSIVE;
				GCC_WARN_UNUSED_FUNCTION = YES;
				GCC_WARN_UNUSED_VARIABLE = YES;
				MACOSX_DEPLOYMENT_TARGET = 10.10;
				MTL_ENABLE_DEBUG_INFO = NO;
				SDKROOT = macosx;
			};
			name = Release;
		};
		637A90D21C9D4DBE00C58FE8 /* Debug */ = {
			isa = XCBuildConfiguration;
			buildSettings = {
				PRODUCT_NAME = "$(TARGET_NAME)";
			};
			name = Debug;
		};
		637A90D31C9D4DBE00C58FE8 /* Release */ = {
			isa = XCBuildConfiguration;
			buildSettings = {
				PRODUCT_NAME = "$(TARGET_NAME)";
			};
			name = Release;
		};
/* End XCBuildConfiguration section */

/* Begin XCConfigurationList section */
		637A90C51C9D4DBE00C58FE8 /* Build configuration list for PBXProject "DoubleChain" */ = {
			isa = XCConfigurationList;
			buildConfigurations = (
				637A90CF1C9D4DBE00C58FE8 /* Debug */,
				637A90D01C9D4DBE00C58FE8 /* Release */,
			);
			defaultConfigurationIsVisible = 0;
			defaultConfigurationName = Release;
		};
		637A90D11C9D4DBE00C58FE8 /* Build configuration list for PBXNativeTarget "DoubleChain" */ = {
			isa = XCConfigurationList;
			buildConfigurations = (
				637A90D21C9D4DBE00C58FE8 /* Debug */,
				637A90D31C9D4DBE00C58FE8 /* Release */,
			);
			defaultConfigurationIsVisible = 0;
		};
/* End XCConfigurationList section */
	};
	rootObject = 637A90C21C9D4DBE00C58FE8 /* Project object */;
}
